{
  "name": "alexn.org",
  "version": "1.0.0",
  "lockfileVersion": 1,
  "requires": true,
  "dependencies": {
    "jquery": {
      "version": "3.5.0",
      "resolved": "https://registry.npmjs.org/jquery/-/jquery-3.5.0.tgz",
      "integrity": "sha512-Xb7SVYMvygPxbFMpTFQiHh1J7HClEaThguL15N/Gg37Lri/qKyhRGZYzHRyLH8Stq3Aow0LsHO2O2ci86fCrNQ=="
    },
    "mathjax": {
      "version": "2.7.7",
      "resolved": "https://registry.npmjs.org/mathjax/-/mathjax-2.7.7.tgz",
      "integrity": "sha512-OOl0B2/0tSJAtAZarXnQuLDBLgTNRqiI9VqHTQzPsxf4okT2iIpDrvaklK9x2QEMD1sDj4yRn11Ygci41DxMAQ=="
    }
  }
}
