{
  "name": "alexn.org",
  "version": "1.0.0",
  "lockfileVersion": 2,
  "requires": true,
  "packages": {
    "": {
      "version": "1.0.0",
      "license": "UNLICENSED",
      "dependencies": {
        "jquery": "^3.5.0",
        "mathjax": "^2.7.7"
      },
      "devDependencies": {
        "@squoosh/cli": "^0.6.3"
      }
    },
    "node_modules/@squoosh/cli": {
      "version": "0.6.3",
      "resolved": "https://registry.npmjs.org/@squoosh/cli/-/cli-0.6.3.tgz",
      "integrity": "sha512-afFnM7xXKr6HI98grMH31lIOmY7QEt+fJiOuEO2aqwGURCWu08ErIfYp8CRjIjDWw6e3NkRYMB1sKMFxuSvf4w==",
      "dev": true,
      "dependencies": {
        "web-streams-polyfill": "^3.0.0"
      },
      "bin": {
        "cli": "build/index.js",
        "squoosh-cli": "build/index.js"
      }
    },
    "node_modules/jquery": {
      "version": "3.5.0",
      "resolved": "https://registry.npmjs.org/jquery/-/jquery-3.5.0.tgz",
      "integrity": "sha512-Xb7SVYMvygPxbFMpTFQiHh1J7HClEaThguL15N/Gg37Lri/qKyhRGZYzHRyLH8Stq3Aow0LsHO2O2ci86fCrNQ=="
    },
    "node_modules/mathjax": {
      "version": "2.7.7",
      "resolved": "https://registry.npmjs.org/mathjax/-/mathjax-2.7.7.tgz",
      "integrity": "sha512-OOl0B2/0tSJAtAZarXnQuLDBLgTNRqiI9VqHTQzPsxf4okT2iIpDrvaklK9x2QEMD1sDj4yRn11Ygci41DxMAQ=="
    },
    "node_modules/web-streams-polyfill": {
      "version": "3.0.3",
      "resolved": "https://registry.npmjs.org/web-streams-polyfill/-/web-streams-polyfill-3.0.3.tgz",
      "integrity": "sha512-d2H/t0eqRNM4w2WvmTdoeIvzAUSpK7JmATB8Nr2lb7nQ9BTIJVjbQ/TRFVEh2gUH1HwclPdoPtfMoFfetXaZnA==",
      "dev": true,
      "engines": {
        "node": ">= 8"
      }
    }
  },
  "dependencies": {
    "@squoosh/cli": {
      "version": "0.6.3",
      "resolved": "https://registry.npmjs.org/@squoosh/cli/-/cli-0.6.3.tgz",
      "integrity": "sha512-afFnM7xXKr6HI98grMH31lIOmY7QEt+fJiOuEO2aqwGURCWu08ErIfYp8CRjIjDWw6e3NkRYMB1sKMFxuSvf4w==",
      "dev": true,
      "requires": {
        "web-streams-polyfill": "^3.0.0"
      }
    },
    "jquery": {
      "version": "3.5.0",
      "resolved": "https://registry.npmjs.org/jquery/-/jquery-3.5.0.tgz",
      "integrity": "sha512-Xb7SVYMvygPxbFMpTFQiHh1J7HClEaThguL15N/Gg37Lri/qKyhRGZYzHRyLH8Stq3Aow0LsHO2O2ci86fCrNQ=="
    },
    "mathjax": {
      "version": "2.7.7",
      "resolved": "https://registry.npmjs.org/mathjax/-/mathjax-2.7.7.tgz",
      "integrity": "sha512-OOl0B2/0tSJAtAZarXnQuLDBLgTNRqiI9VqHTQzPsxf4okT2iIpDrvaklK9x2QEMD1sDj4yRn11Ygci41DxMAQ=="
    },
    "web-streams-polyfill": {
      "version": "3.0.3",
      "resolved": "https://registry.npmjs.org/web-streams-polyfill/-/web-streams-polyfill-3.0.3.tgz",
      "integrity": "sha512-d2H/t0eqRNM4w2WvmTdoeIvzAUSpK7JmATB8Nr2lb7nQ9BTIJVjbQ/TRFVEh2gUH1HwclPdoPtfMoFfetXaZnA==",
      "dev": true
    }
  }
}
